
Microsoft Visual Studio Solution File, Format Version 12.00
# Visual Studio 2012
Project("{FAE04EC0-301F-11D3-BF4B-00C04F79EFBC}") = "TodoApp", "TodoApp.csproj", "{F74D1E2A-6951-4C91-B136-1CEDBBB23308}"
EndProject
Global
	GlobalSection(SolutionConfigurationPlatforms) = preSolution
		Debug|Any CPU = Debug|Any CPU
		Release|Any CPU = Release|Any CPU
	EndGlobalSection
	GlobalSection(ProjectConfigurationPlatforms) = postSolution
		{F74D1E2A-6951-4C91-B136-1CEDBBB23308}.Debug|Any CPU.ActiveCfg = Debug|Any CPU
		{F74D1E2A-6951-4C91-B136-1CEDBBB23308}.Debug|Any CPU.Build.0 = Debug|Any CPU
		{F74D1E2A-6951-4C91-B136-1CEDBBB23308}.Release|Any CPU.ActiveCfg = Release|Any CPU
		{F74D1E2A-6951-4C91-B136-1CEDBBB23308}.Release|Any CPU.Build.0 = Release|Any CPU
	EndGlobalSection
EndGlobal
